
Microsoft Visual Studio Solution File, Format Version 12.00
# Visual Studio 15
VisualStudioVersion = 15.0.28307.106
MinimumVisualStudioVersion = 10.0.40219.1
Project("{FAE04EC0-301F-11D3-BF4B-00C04F79EFBC}") = "Portfolio", "Portfolio\Portfolio.csproj", "{F56AEF3F-AC2E-4A5A-8291-B098E79AB57F}"
EndProject
Project("{FAE04EC0-301F-11D3-BF4B-00C04F79EFBC}") = "Portfolio.Tests", "Portfolio.Tests\Portfolio.Tests.csproj", "{A5BB452E-7EB6-4399-BC9B-D2D1A5F6CF8C}"
EndProject
Global
	GlobalSection(SolutionConfigurationPlatforms) = preSolution
		Debug|Any CPU = Debug|Any CPU
		Release|Any CPU = Release|Any CPU
	EndGlobalSection
	GlobalSection(ProjectConfigurationPlatforms) = postSolution
		{F56AEF3F-AC2E-4A5A-8291-B098E79AB57F}.Debug|Any CPU.ActiveCfg = Debug|Any CPU
		{F56AEF3F-AC2E-4A5A-8291-B098E79AB57F}.Debug|Any CPU.Build.0 = Debug|Any CPU
		{F56AEF3F-AC2E-4A5A-8291-B098E79AB57F}.Release|Any CPU.ActiveCfg = Release|Any CPU
		{F56AEF3F-AC2E-4A5A-8291-B098E79AB57F}.Release|Any CPU.Build.0 = Release|Any CPU
		{A5BB452E-7EB6-4399-BC9B-D2D1A5F6CF8C}.Debug|Any CPU.ActiveCfg = Debug|Any CPU
		{A5BB452E-7EB6-4399-BC9B-D2D1A5F6CF8C}.Debug|Any CPU.Build.0 = Debug|Any CPU
		{A5BB452E-7EB6-4399-BC9B-D2D1A5F6CF8C}.Release|Any CPU.ActiveCfg = Release|Any CPU
		{A5BB452E-7EB6-4399-BC9B-D2D1A5F6CF8C}.Release|Any CPU.Build.0 = Release|Any CPU
	EndGlobalSection
	GlobalSection(SolutionProperties) = preSolution
		HideSolutionNode = FALSE
	EndGlobalSection
	GlobalSection(ExtensibilityGlobals) = postSolution
		SolutionGuid = {0EB79990-20A7-4B71-8702-1A294615A6BA}
	EndGlobalSection
EndGlobal
